
Microsoft Visual Studio Solution File, Format Version 12.00
# Visual Studio 15
VisualStudioVersion = 15.0.27130.2027
MinimumVisualStudioVersion = 10.0.40219.1
Project("{FAE04EC0-301F-11D3-BF4B-00C04F79EFBC}") = "BotApplicaiton-samples", "BotApplicaiton-samples\BotApplicaiton-samples.csproj", "{464752FD-3C4E-4CF0-8403-0789FBC55BC3}"
EndProject
Global
	GlobalSection(SolutionConfigurationPlatforms) = preSolution
		Debug|Any CPU = Debug|Any CPU
		Release|Any CPU = Release|Any CPU
	EndGlobalSection
	GlobalSection(ProjectConfigurationPlatforms) = postSolution
		{464752FD-3C4E-4CF0-8403-0789FBC55BC3}.Debug|Any CPU.ActiveCfg = Debug|Any CPU
		{464752FD-3C4E-4CF0-8403-0789FBC55BC3}.Debug|Any CPU.Build.0 = Debug|Any CPU
		{464752FD-3C4E-4CF0-8403-0789FBC55BC3}.Release|Any CPU.ActiveCfg = Release|Any CPU
		{464752FD-3C4E-4CF0-8403-0789FBC55BC3}.Release|Any CPU.Build.0 = Release|Any CPU
	EndGlobalSection
	GlobalSection(SolutionProperties) = preSolution
		HideSolutionNode = FALSE
	EndGlobalSection
	GlobalSection(ExtensibilityGlobals) = postSolution
		SolutionGuid = {FE09C426-DC3A-4A88-A8E2-5B35345BFD4F}
	EndGlobalSection
EndGlobal
